
Microsoft Visual Studio Solution File, Format Version 12.00
# Visual Studio Version 17
VisualStudioVersion = 17.13.35919.96 d17.13
MinimumVisualStudioVersion = 10.0.40219.1
Project("{FAE04EC0-301F-11D3-BF4B-00C04F79EFBC}") = "BackupAutomaticoCervantes", "BackupAutomaticoCervantes\BackupAutomaticoCervantes.csproj", "{6560D8ED-1E95-42C1-8B42-9A0AC8080CDC}"
EndProject
Global
	GlobalSection(SolutionConfigurationPlatforms) = preSolution
		Debug|Any CPU = Debug|Any CPU
		Release|Any CPU = Release|Any CPU
	EndGlobalSection
	GlobalSection(ProjectConfigurationPlatforms) = postSolution
		{6560D8ED-1E95-42C1-8B42-9A0AC8080CDC}.Debug|Any CPU.ActiveCfg = Debug|Any CPU
		{6560D8ED-1E95-42C1-8B42-9A0AC8080CDC}.Debug|Any CPU.Build.0 = Debug|Any CPU
		{6560D8ED-1E95-42C1-8B42-9A0AC8080CDC}.Release|Any CPU.ActiveCfg = Release|Any CPU
		{6560D8ED-1E95-42C1-8B42-9A0AC8080CDC}.Release|Any CPU.Build.0 = Release|Any CPU
	EndGlobalSection
	GlobalSection(SolutionProperties) = preSolution
		HideSolutionNode = FALSE
	EndGlobalSection
	GlobalSection(ExtensibilityGlobals) = postSolution
		SolutionGuid = {82B1FA4C-6B6E-4F23-B651-BCC3B81654B9}
	EndGlobalSection
EndGlobal
